
Microsoft Visual Studio Solution File, Format Version 12.00
# Visual Studio 15
VisualStudioVersion = 15.0.28307.421
MinimumVisualStudioVersion = 10.0.40219.1
Project("{FAE04EC0-301F-11D3-BF4B-00C04F79EFBC}") = "Inidep2.Android", "Inidep2\Inidep2.Android\Inidep2.Android.csproj", "{A0FEB3DA-E724-48A4-AFA0-B3ED202E5B76}"
EndProject
Project("{FAE04EC0-301F-11D3-BF4B-00C04F79EFBC}") = "Inidep2.iOS", "Inidep2\Inidep2.iOS\Inidep2.iOS.csproj", "{16D7A211-C145-475D-BB85-898F31A2E5E9}"
EndProject
Project("{FAE04EC0-301F-11D3-BF4B-00C04F79EFBC}") = "Inidep2", "Inidep2\Inidep2\Inidep2.csproj", "{AD4E8D83-878B-4D13-8BC3-17F46386AC63}"
EndProject
Global
	GlobalSection(SolutionConfigurationPlatforms) = preSolution
		Ad-Hoc|Any CPU = Ad-Hoc|Any CPU
		Ad-Hoc|iPhone = Ad-Hoc|iPhone
		Ad-Hoc|iPhoneSimulator = Ad-Hoc|iPhoneSimulator
		AppStore|Any CPU = AppStore|Any CPU
		AppStore|iPhone = AppStore|iPhone
		AppStore|iPhoneSimulator = AppStore|iPhoneSimulator
		Debug|Any CPU = Debug|Any CPU
		Debug|iPhone = Debug|iPhone
		Debug|iPhoneSimulator = Debug|iPhoneSimulator
		Release|Any CPU = Release|Any CPU
		Release|iPhone = Release|iPhone
		Release|iPhoneSimulator = Release|iPhoneSimulator
	EndGlobalSection
	GlobalSection(ProjectConfigurationPlatforms) = postSolution
		{A0FEB3DA-E724-48A4-AFA0-B3ED202E5B76}.Ad-Hoc|Any CPU.ActiveCfg = Release|Any CPU
		{A0FEB3DA-E724-48A4-AFA0-B3ED202E5B76}.Ad-Hoc|Any CPU.Build.0 = Release|Any CPU
		{A0FEB3DA-E724-48A4-AFA0-B3ED202E5B76}.Ad-Hoc|Any CPU.Deploy.0 = Release|Any CPU
		{A0FEB3DA-E724-48A4-AFA0-B3ED202E5B76}.Ad-Hoc|iPhone.ActiveCfg = Release|Any CPU
		{A0FEB3DA-E724-48A4-AFA0-B3ED202E5B76}.Ad-Hoc|iPhone.Build.0 = Release|Any CPU
		{A0FEB3DA-E724-48A4-AFA0-B3ED202E5B76}.Ad-Hoc|iPhone.Deploy.0 = Release|Any CPU
		{A0FEB3DA-E724-48A4-AFA0-B3ED202E5B76}.Ad-Hoc|iPhoneSimulator.ActiveCfg = Release|Any CPU
		{A0FEB3DA-E724-48A4-AFA0-B3ED202E5B76}.Ad-Hoc|iPhoneSimulator.Build.0 = Release|Any CPU
		{A0FEB3DA-E724-48A4-AFA0-B3ED202E5B76}.Ad-Hoc|iPhoneSimulator.Deploy.0 = Release|Any CPU
		{A0FEB3DA-E724-48A4-AFA0-B3ED202E5B76}.AppStore|Any CPU.ActiveCfg = Release|Any CPU
		{A0FEB3DA-E724-48A4-AFA0-B3ED202E5B76}.AppStore|Any CPU.Build.0 = Release|Any CPU
		{A0FEB3DA-E724-48A4-AFA0-B3ED202E5B76}.AppStore|Any CPU.Deploy.0 = Release|Any CPU
		{A0FEB3DA-E724-48A4-AFA0-B3ED202E5B76}.AppStore|iPhone.ActiveCfg = Release|Any CPU
		{A0FEB3DA-E724-48A4-AFA0-B3ED202E5B76}.AppStore|iPhone.Build.0 = Release|Any CPU
		{A0FEB3DA-E724-48A4-AFA0-B3ED202E5B76}.AppStore|iPhone.Deploy.0 = Release|Any CPU
		{A0FEB3DA-E724-48A4-AFA0-B3ED202E5B76}.AppStore|iPhoneSimulator.ActiveCfg = Release|Any CPU
		{A0FEB3DA-E724-48A4-AFA0-B3ED202E5B76}.AppStore|iPhoneSimulator.Build.0 = Release|Any CPU
		{A0FEB3DA-E724-48A4-AFA0-B3ED202E5B76}.AppStore|iPhoneSimulator.Deploy.0 = Release|Any CPU
		{A0FEB3DA-E724-48A4-AFA0-B3ED202E5B76}.Debug|Any CPU.ActiveCfg = Debug|Any CPU
		{A0FEB3DA-E724-48A4-AFA0-B3ED202E5B76}.Debug|Any CPU.Build.0 = Debug|Any CPU
		{A0FEB3DA-E724-48A4-AFA0-B3ED202E5B76}.Debug|Any CPU.Deploy.0 = Debug|Any CPU
		{A0FEB3DA-E724-48A4-AFA0-B3ED202E5B76}.Debug|iPhone.ActiveCfg = Debug|Any CPU
		{A0FEB3DA-E724-48A4-AFA0-B3ED202E5B76}.Debug|iPhone.Build.0 = Debug|Any CPU
		{A0FEB3DA-E724-48A4-AFA0-B3ED202E5B76}.Debug|iPhone.Deploy.0 = Debug|Any CPU
		{A0FEB3DA-E724-48A4-AFA0-B3ED202E5B76}.Debug|iPhoneSimulator.ActiveCfg = Debug|Any CPU
		{A0FEB3DA-E724-48A4-AFA0-B3ED202E5B76}.Debug|iPhoneSimulator.Build.0 = Debug|Any CPU
		{A0FEB3DA-E724-48A4-AFA0-B3ED202E5B76}.Debug|iPhoneSimulator.Deploy.0 = Debug|Any CPU
		{A0FEB3DA-E724-48A4-AFA0-B3ED202E5B76}.Release|Any CPU.ActiveCfg = Release|Any CPU
		{A0FEB3DA-E724-48A4-AFA0-B3ED202E5B76}.Release|Any CPU.Build.0 = Release|Any CPU
		{A0FEB3DA-E724-48A4-AFA0-B3ED202E5B76}.Release|Any CPU.Deploy.0 = Release|Any CPU
		{A0FEB3DA-E724-48A4-AFA0-B3ED202E5B76}.Release|iPhone.ActiveCfg = Release|Any CPU
		{A0FEB3DA-E724-48A4-AFA0-B3ED202E5B76}.Release|iPhone.Build.0 = Release|Any CPU
		{A0FEB3DA-E724-48A4-AFA0-B3ED202E5B76}.Release|iPhone.Deploy.0 = Release|Any CPU
		{A0FEB3DA-E724-48A4-AFA0-B3ED202E5B76}.Release|iPhoneSimulator.ActiveCfg = Release|Any CPU
		{A0FEB3DA-E724-48A4-AFA0-B3ED202E5B76}.Release|iPhoneSimulator.Build.0 = Release|Any CPU
		{A0FEB3DA-E724-48A4-AFA0-B3ED202E5B76}.Release|iPhoneSimulator.Deploy.0 = Release|Any CPU
		{16D7A211-C145-475D-BB85-898F31A2E5E9}.Ad-Hoc|Any CPU.ActiveCfg = Ad-Hoc|iPhone
		{16D7A211-C145-475D-BB85-898F31A2E5E9}.Ad-Hoc|Any CPU.Build.0 = Ad-Hoc|iPhone
		{16D7A211-C145-475D-BB85-898F31A2E5E9}.Ad-Hoc|Any CPU.Deploy.0 = Ad-Hoc|iPhone
		{16D7A211-C145-475D-BB85-898F31A2E5E9}.Ad-Hoc|iPhone.ActiveCfg = Ad-Hoc|iPhone
		{16D7A211-C145-475D-BB85-898F31A2E5E9}.Ad-Hoc|iPhone.Build.0 = Ad-Hoc|iPhone
		{16D7A211-C145-475D-BB85-898F31A2E5E9}.Ad-Hoc|iPhone.Deploy.0 = Ad-Hoc|iPhone
		{16D7A211-C145-475D-BB85-898F31A2E5E9}.Ad-Hoc|iPhoneSimulator.ActiveCfg = Ad-Hoc|iPhoneSimulator
		{16D7A211-C145-475D-BB85-898F31A2E5E9}.Ad-Hoc|iPhoneSimulator.Build.0 = Ad-Hoc|iPhoneSimulator
		{16D7A211-C145-475D-BB85-898F31A2E5E9}.Ad-Hoc|iPhoneSimulator.Deploy.0 = Ad-Hoc|iPhoneSimulator
		{16D7A211-C145-475D-BB85-898F31A2E5E9}.AppStore|Any CPU.ActiveCfg = AppStore|iPhone
		{16D7A211-C145-475D-BB85-898F31A2E5E9}.AppStore|Any CPU.Build.0 = AppStore|iPhone
		{16D7A211-C145-475D-BB85-898F31A2E5E9}.AppStore|Any CPU.Deploy.0 = AppStore|iPhone
		{16D7A211-C145-475D-BB85-898F31A2E5E9}.AppStore|iPhone.ActiveCfg = AppStore|iPhone
		{16D7A211-C145-475D-BB85-898F31A2E5E9}.AppStore|iPhone.Build.0 = AppStore|iPhone
		{16D7A211-C145-475D-BB85-898F31A2E5E9}.AppStore|iPhone.Deploy.0 = AppStore|iPhone
		{16D7A211-C145-475D-BB85-898F31A2E5E9}.AppStore|iPhoneSimulator.ActiveCfg = AppStore|iPhoneSimulator
		{16D7A211-C145-475D-BB85-898F31A2E5E9}.AppStore|iPhoneSimulator.Build.0 = AppStore|iPhoneSimulator
		{16D7A211-C145-475D-BB85-898F31A2E5E9}.AppStore|iPhoneSimulator.Deploy.0 = AppStore|iPhoneSimulator
		{16D7A211-C145-475D-BB85-898F31A2E5E9}.Debug|Any CPU.ActiveCfg = Debug|iPhoneSimulator
		{16D7A211-C145-475D-BB85-898F31A2E5E9}.Debug|Any CPU.Build.0 = Debug|iPhoneSimulator
		{16D7A211-C145-475D-BB85-898F31A2E5E9}.Debug|Any CPU.Deploy.0 = Debug|iPhoneSimulator
		{16D7A211-C145-475D-BB85-898F31A2E5E9}.Debug|iPhone.ActiveCfg = Debug|iPhone
		{16D7A211-C145-475D-BB85-898F31A2E5E9}.Debug|iPhone.Build.0 = Debug|iPhone
		{16D7A211-C145-475D-BB85-898F31A2E5E9}.Debug|iPhone.Deploy.0 = Debug|iPhone
		{16D7A211-C145-475D-BB85-898F31A2E5E9}.Debug|iPhoneSimulator.ActiveCfg = Debug|iPhoneSimulator
		{16D7A211-C145-475D-BB85-898F31A2E5E9}.Debug|iPhoneSimulator.Build.0 = Debug|iPhoneSimulator
		{16D7A211-C145-475D-BB85-898F31A2E5E9}.Debug|iPhoneSimulator.Deploy.0 = Debug|iPhoneSimulator
		{16D7A211-C145-475D-BB85-898F31A2E5E9}.Release|Any CPU.ActiveCfg = Release|iPhone
		{16D7A211-C145-475D-BB85-898F31A2E5E9}.Release|Any CPU.Build.0 = Release|iPhone
		{16D7A211-C145-475D-BB85-898F31A2E5E9}.Release|Any CPU.Deploy.0 = Release|iPhone
		{16D7A211-C145-475D-BB85-898F31A2E5E9}.Release|iPhone.ActiveCfg = Release|iPhone
		{16D7A211-C145-475D-BB85-898F31A2E5E9}.Release|iPhone.Build.0 = Release|iPhone
		{16D7A211-C145-475D-BB85-898F31A2E5E9}.Release|iPhone.Deploy.0 = Release|iPhone
		{16D7A211-C145-475D-BB85-898F31A2E5E9}.Release|iPhoneSimulator.ActiveCfg = Release|iPhoneSimulator
		{16D7A211-C145-475D-BB85-898F31A2E5E9}.Release|iPhoneSimulator.Build.0 = Release|iPhoneSimulator
		{16D7A211-C145-475D-BB85-898F31A2E5E9}.Release|iPhoneSimulator.Deploy.0 = Release|iPhoneSimulator
		{AD4E8D83-878B-4D13-8BC3-17F46386AC63}.Ad-Hoc|Any CPU.ActiveCfg = Debug|Any CPU
		{AD4E8D83-878B-4D13-8BC3-17F46386AC63}.Ad-Hoc|Any CPU.Build.0 = Debug|Any CPU
		{AD4E8D83-878B-4D13-8BC3-17F46386AC63}.Ad-Hoc|Any CPU.Deploy.0 = Debug|Any CPU
		{AD4E8D83-878B-4D13-8BC3-17F46386AC63}.Ad-Hoc|iPhone.ActiveCfg = Debug|Any CPU
		{AD4E8D83-878B-4D13-8BC3-17F46386AC63}.Ad-Hoc|iPhone.Build.0 = Debug|Any CPU
		{AD4E8D83-878B-4D13-8BC3-17F46386AC63}.Ad-Hoc|iPhone.Deploy.0 = Debug|Any CPU
		{AD4E8D83-878B-4D13-8BC3-17F46386AC63}.Ad-Hoc|iPhoneSimulator.ActiveCfg = Debug|Any CPU
		{AD4E8D83-878B-4D13-8BC3-17F46386AC63}.Ad-Hoc|iPhoneSimulator.Build.0 = Debug|Any CPU
		{AD4E8D83-878B-4D13-8BC3-17F46386AC63}.Ad-Hoc|iPhoneSimulator.Deploy.0 = Debug|Any CPU
		{AD4E8D83-878B-4D13-8BC3-17F46386AC63}.AppStore|Any CPU.ActiveCfg = Debug|Any CPU
		{AD4E8D83-878B-4D13-8BC3-17F46386AC63}.AppStore|Any CPU.Build.0 = Debug|Any CPU
		{AD4E8D83-878B-4D13-8BC3-17F46386AC63}.AppStore|Any CPU.Deploy.0 = Debug|Any CPU
		{AD4E8D83-878B-4D13-8BC3-17F46386AC63}.AppStore|iPhone.ActiveCfg = Debug|Any CPU
		{AD4E8D83-878B-4D13-8BC3-17F46386AC63}.AppStore|iPhone.Build.0 = Debug|Any CPU
		{AD4E8D83-878B-4D13-8BC3-17F46386AC63}.AppStore|iPhone.Deploy.0 = Debug|Any CPU
		{AD4E8D83-878B-4D13-8BC3-17F46386AC63}.AppStore|iPhoneSimulator.ActiveCfg = Debug|Any CPU
		{AD4E8D83-878B-4D13-8BC3-17F46386AC63}.AppStore|iPhoneSimulator.Build.0 = Debug|Any CPU
		{AD4E8D83-878B-4D13-8BC3-17F46386AC63}.AppStore|iPhoneSimulator.Deploy.0 = Debug|Any CPU
		{AD4E8D83-878B-4D13-8BC3-17F46386AC63}.Debug|Any CPU.ActiveCfg = Debug|Any CPU
		{AD4E8D83-878B-4D13-8BC3-17F46386AC63}.Debug|Any CPU.Build.0 = Debug|Any CPU
		{AD4E8D83-878B-4D13-8BC3-17F46386AC63}.Debug|Any CPU.Deploy.0 = Debug|Any CPU
		{AD4E8D83-878B-4D13-8BC3-17F46386AC63}.Debug|iPhone.ActiveCfg = Debug|Any CPU
		{AD4E8D83-878B-4D13-8BC3-17F46386AC63}.Debug|iPhone.Build.0 = Debug|Any CPU
		{AD4E8D83-878B-4D13-8BC3-17F46386AC63}.Debug|iPhone.Deploy.0 = Debug|Any CPU
		{AD4E8D83-878B-4D13-8BC3-17F46386AC63}.Debug|iPhoneSimulator.ActiveCfg = Debug|Any CPU
		{AD4E8D83-878B-4D13-8BC3-17F46386AC63}.Debug|iPhoneSimulator.Build.0 = Debug|Any CPU
		{AD4E8D83-878B-4D13-8BC3-17F46386AC63}.Debug|iPhoneSimulator.Deploy.0 = Debug|Any CPU
		{AD4E8D83-878B-4D13-8BC3-17F46386AC63}.Release|Any CPU.ActiveCfg = Release|Any CPU
		{AD4E8D83-878B-4D13-8BC3-17F46386AC63}.Release|Any CPU.Build.0 = Release|Any CPU
		{AD4E8D83-878B-4D13-8BC3-17F46386AC63}.Release|Any CPU.Deploy.0 = Release|Any CPU
		{AD4E8D83-878B-4D13-8BC3-17F46386AC63}.Release|iPhone.ActiveCfg = Release|Any CPU
		{AD4E8D83-878B-4D13-8BC3-17F46386AC63}.Release|iPhone.Build.0 = Release|Any CPU
		{AD4E8D83-878B-4D13-8BC3-17F46386AC63}.Release|iPhone.Deploy.0 = Release|Any CPU
		{AD4E8D83-878B-4D13-8BC3-17F46386AC63}.Release|iPhoneSimulator.ActiveCfg = Release|Any CPU
		{AD4E8D83-878B-4D13-8BC3-17F46386AC63}.Release|iPhoneSimulator.Build.0 = Release|Any CPU
		{AD4E8D83-878B-4D13-8BC3-17F46386AC63}.Release|iPhoneSimulator.Deploy.0 = Release|Any CPU
	EndGlobalSection
	GlobalSection(SolutionProperties) = preSolution
		HideSolutionNode = FALSE
	EndGlobalSection
	GlobalSection(ExtensibilityGlobals) = postSolution
		SolutionGuid = {F515C95E-6376-4C31-A8D7-AAB3E2F75308}
	EndGlobalSection
EndGlobal
